{
  "name": "p2-project",
  "lockfileVersion": 2,
  "requires": true,
  "packages": {
    "": {
      "dependencies": {
        "semantic-ui-card": "^2.3.1"
      }
    },
    "node_modules/semantic-ui-card": {
      "version": "2.3.1",
      "resolved": "https://registry.npmjs.org/semantic-ui-card/-/semantic-ui-card-2.3.1.tgz",
      "integrity": "sha512-7FzibUcZoSmdOvqepegjvQshvxHBwTU8ZU/oQtVd9BxhpLgjjktQX6Qmdark9F5NM1Uy1bESrNocm3Vib2gSVw=="
    }
  },
  "dependencies": {
    "semantic-ui-card": {
      "version": "2.3.1",
      "resolved": "https://registry.npmjs.org/semantic-ui-card/-/semantic-ui-card-2.3.1.tgz",
      "integrity": "sha512-7FzibUcZoSmdOvqepegjvQshvxHBwTU8ZU/oQtVd9BxhpLgjjktQX6Qmdark9F5NM1Uy1bESrNocm3Vib2gSVw=="
    }
  }
}
